// !$*UTF8*$!
{
	archiveVersion = 1;
	classes = {
	};
	objectVersion = 53;
	objects = {

/* Begin PBXBuildFile section */
		B684A446277E0D7E00B5AF54 /* TranslationResponse.swift in Sources */ = {isa = PBXBuildFile; fileRef = B684A445277E0D7E00B5AF54 /* TranslationResponse.swift */; };
		B684A44C277E0FD600B5AF54 /* TranslateAPI.swift in Sources */ = {isa = PBXBuildFile; fileRef = B684A44B277E0FD600B5AF54 /* TranslateAPI.swift */; };
		B684A44E277E145000B5AF54 /* TranslateRequest.swift in Sources */ = {isa = PBXBuildFile; fileRef = B684A44D277E145000B5AF54 /* TranslateRequest.swift */; };
		B684A456277E44F300B5AF54 /* BaluchonTests.swift in Sources */ = {isa = PBXBuildFile; fileRef = B684A455277E44F300B5AF54 /* BaluchonTests.swift */; };
		B684A463277E44FF00B5AF54 /* BaluchonUITests.swift in Sources */ = {isa = PBXBuildFile; fileRef = B684A462277E44FF00B5AF54 /* BaluchonUITests.swift */; };
		B684A465277E44FF00B5AF54 /* BaluchonUITestsLaunchTests.swift in Sources */ = {isa = PBXBuildFile; fileRef = B684A464277E44FF00B5AF54 /* BaluchonUITestsLaunchTests.swift */; };
		B6C3FCDA2775DFB200C04BAB /* AppDelegate.swift in Sources */ = {isa = PBXBuildFile; fileRef = B6C3FCD92775DFB200C04BAB /* AppDelegate.swift */; };
		B6C3FCE12775DFB200C04BAB /* TabBarController.storyboard in Resources */ = {isa = PBXBuildFile; fileRef = B6C3FCDF2775DFB200C04BAB /* TabBarController.storyboard */; };
		B6C3FCE32775DFBC00C04BAB /* Assets.xcassets in Resources */ = {isa = PBXBuildFile; fileRef = B6C3FCE22775DFBC00C04BAB /* Assets.xcassets */; };
		B6C3FCE62775DFBC00C04BAB /* LaunchScreen.storyboard in Resources */ = {isa = PBXBuildFile; fileRef = B6C3FCE42775DFBC00C04BAB /* LaunchScreen.storyboard */; };
		B6C3FD132775E13300C04BAB /* TranslateController.swift in Sources */ = {isa = PBXBuildFile; fileRef = B6C3FD122775E13300C04BAB /* TranslateController.swift */; };
		B6C3FD152775E14800C04BAB /* WeatherController.swift in Sources */ = {isa = PBXBuildFile; fileRef = B6C3FD142775E14800C04BAB /* WeatherController.swift */; };
		B6C3FD172775E15900C04BAB /* ConvertController.swift in Sources */ = {isa = PBXBuildFile; fileRef = B6C3FD162775E15900C04BAB /* ConvertController.swift */; };
		B6C3FD5E2775EF0C00C04BAB /* TabBarController.swift in Sources */ = {isa = PBXBuildFile; fileRef = B6C3FD5D2775EF0C00C04BAB /* TabBarController.swift */; };
		B6C3FD612775F04F00C04BAB /* TranslateController.storyboard in Resources */ = {isa = PBXBuildFile; fileRef = B6C3FD602775F04F00C04BAB /* TranslateController.storyboard */; };
		B6C3FD632775F05C00C04BAB /* WeatherController.storyboard in Resources */ = {isa = PBXBuildFile; fileRef = B6C3FD622775F05C00C04BAB /* WeatherController.storyboard */; };
		B6C3FD652775F06E00C04BAB /* ConvertController.storyboard in Resources */ = {isa = PBXBuildFile; fileRef = B6C3FD642775F06E00C04BAB /* ConvertController.storyboard */; };
		B6C3FD74277B655500C04BAB /* WeatherView.xib in Resources */ = {isa = PBXBuildFile; fileRef = B6C3FD73277B655500C04BAB /* WeatherView.xib */; };
		B6C3FD76277B680000C04BAB /* WeatherView.swift in Sources */ = {isa = PBXBuildFile; fileRef = B6C3FD75277B680000C04BAB /* WeatherView.swift */; };
		B6C3FD78277B6F6300C04BAB /* WeatherData.swift in Sources */ = {isa = PBXBuildFile; fileRef = B6C3FD77277B6F6300C04BAB /* WeatherData.swift */; };
		B6C3FD84277B7F3400C04BAB /* WeatherApi.swift in Sources */ = {isa = PBXBuildFile; fileRef = B6C3FD83277B7F3400C04BAB /* WeatherApi.swift */; };
		B6C3FD86277B814500C04BAB /* WeatherRequest.swift in Sources */ = {isa = PBXBuildFile; fileRef = B6C3FD85277B814500C04BAB /* WeatherRequest.swift */; };
		B6C3FD8C277C687000C04BAB /* SkyBackground.mp4 in Resources */ = {isa = PBXBuildFile; fileRef = B6C3FD8B277C687000C04BAB /* SkyBackground.mp4 */; };
		B6C3FD8F277C692500C04BAB /* Double+.swift in Sources */ = {isa = PBXBuildFile; fileRef = B6C3FD8E277C692500C04BAB /* Double+.swift */; };
		B6C3FDC9277CB2B200C04BAB /* ExchangeRate.swift in Sources */ = {isa = PBXBuildFile; fileRef = B6C3FDC8277CB2B200C04BAB /* ExchangeRate.swift */; };
		B6C3FDCB277CB36800C04BAB /* ConvertAPI.swift in Sources */ = {isa = PBXBuildFile; fileRef = B6C3FDCA277CB36800C04BAB /* ConvertAPI.swift */; };
		B6C3FDCD277CB5FE00C04BAB /* ConvertRequest.swift in Sources */ = {isa = PBXBuildFile; fileRef = B6C3FDCC277CB5FE00C04BAB /* ConvertRequest.swift */; };
		B6C8F378277DA0B500481427 /* UsdRate.swift in Sources */ = {isa = PBXBuildFile; fileRef = B6C8F377277DA0B500481427 /* UsdRate.swift */; };
/* End PBXBuildFile section */

/* Begin PBXContainerItemProxy section */
		B684A457277E44F300B5AF54 /* PBXContainerItemProxy */ = {
			isa = PBXContainerItemProxy;
			containerPortal = B6C3FCCE2775DFB200C04BAB /* Project object */;
			proxyType = 1;
			remoteGlobalIDString = B6C3FCD52775DFB200C04BAB;
			remoteInfo = Baluchon;
		};
		B684A466277E44FF00B5AF54 /* PBXContainerItemProxy */ = {
			isa = PBXContainerItemProxy;
			containerPortal = B6C3FCCE2775DFB200C04BAB /* Project object */;
			proxyType = 1;
			remoteGlobalIDString = B6C3FCD52775DFB200C04BAB;
			remoteInfo = Baluchon;
		};
/* End PBXContainerItemProxy section */

/* Begin PBXFileReference section */
		B684A445277E0D7E00B5AF54 /* TranslationResponse.swift */ = {isa = PBXFileReference; lastKnownFileType = sourcecode.swift; path = TranslationResponse.swift; sourceTree = "<group>"; };
		B684A44B277E0FD600B5AF54 /* TranslateAPI.swift */ = {isa = PBXFileReference; lastKnownFileType = sourcecode.swift; path = TranslateAPI.swift; sourceTree = "<group>"; };
		B684A44D277E145000B5AF54 /* TranslateRequest.swift */ = {isa = PBXFileReference; lastKnownFileType = sourcecode.swift; path = TranslateRequest.swift; sourceTree = "<group>"; };
		B684A453277E44F300B5AF54 /* BaluchonTests.xctest */ = {isa = PBXFileReference; explicitFileType = wrapper.cfbundle; includeInIndex = 0; path = BaluchonTests.xctest; sourceTree = BUILT_PRODUCTS_DIR; };
		B684A455277E44F300B5AF54 /* BaluchonTests.swift */ = {isa = PBXFileReference; lastKnownFileType = sourcecode.swift; path = BaluchonTests.swift; sourceTree = "<group>"; };
		B684A460277E44FF00B5AF54 /* BaluchonUITests.xctest */ = {isa = PBXFileReference; explicitFileType = wrapper.cfbundle; includeInIndex = 0; path = BaluchonUITests.xctest; sourceTree = BUILT_PRODUCTS_DIR; };
		B684A462277E44FF00B5AF54 /* BaluchonUITests.swift */ = {isa = PBXFileReference; lastKnownFileType = sourcecode.swift; path = BaluchonUITests.swift; sourceTree = "<group>"; };
		B684A464277E44FF00B5AF54 /* BaluchonUITestsLaunchTests.swift */ = {isa = PBXFileReference; lastKnownFileType = sourcecode.swift; path = BaluchonUITestsLaunchTests.swift; sourceTree = "<group>"; };
		B6C3FCD62775DFB200C04BAB /* Baluchon.app */ = {isa = PBXFileReference; explicitFileType = wrapper.application; includeInIndex = 0; path = Baluchon.app; sourceTree = BUILT_PRODUCTS_DIR; };
		B6C3FCD92775DFB200C04BAB /* AppDelegate.swift */ = {isa = PBXFileReference; lastKnownFileType = sourcecode.swift; path = AppDelegate.swift; sourceTree = "<group>"; };
		B6C3FCE02775DFB200C04BAB /* Base */ = {isa = PBXFileReference; lastKnownFileType = file.storyboard; name = Base; path = Base.lproj/TabBarController.storyboard; sourceTree = "<group>"; };
		B6C3FCE22775DFBC00C04BAB /* Assets.xcassets */ = {isa = PBXFileReference; lastKnownFileType = folder.assetcatalog; path = Assets.xcassets; sourceTree = "<group>"; };
		B6C3FCE52775DFBC00C04BAB /* Base */ = {isa = PBXFileReference; lastKnownFileType = file.storyboard; name = Base; path = Base.lproj/LaunchScreen.storyboard; sourceTree = "<group>"; };
		B6C3FCE72775DFBC00C04BAB /* Info.plist */ = {isa = PBXFileReference; lastKnownFileType = text.plist.xml; path = Info.plist; sourceTree = "<group>"; };
		B6C3FD122775E13300C04BAB /* TranslateController.swift */ = {isa = PBXFileReference; lastKnownFileType = sourcecode.swift; path = TranslateController.swift; sourceTree = "<group>"; };
		B6C3FD142775E14800C04BAB /* WeatherController.swift */ = {isa = PBXFileReference; lastKnownFileType = sourcecode.swift; path = WeatherController.swift; sourceTree = "<group>"; };
		B6C3FD162775E15900C04BAB /* ConvertController.swift */ = {isa = PBXFileReference; lastKnownFileType = sourcecode.swift; path = ConvertController.swift; sourceTree = "<group>"; };
		B6C3FD5D2775EF0C00C04BAB /* TabBarController.swift */ = {isa = PBXFileReference; lastKnownFileType = sourcecode.swift; path = TabBarController.swift; sourceTree = "<group>"; };
		B6C3FD602775F04F00C04BAB /* TranslateController.storyboard */ = {isa = PBXFileReference; lastKnownFileType = file.storyboard; path = TranslateController.storyboard; sourceTree = "<group>"; };
		B6C3FD622775F05C00C04BAB /* WeatherController.storyboard */ = {isa = PBXFileReference; lastKnownFileType = file.storyboard; path = WeatherController.storyboard; sourceTree = "<group>"; };
		B6C3FD642775F06E00C04BAB /* ConvertController.storyboard */ = {isa = PBXFileReference; lastKnownFileType = file.storyboard; path = ConvertController.storyboard; sourceTree = "<group>"; };
		B6C3FD73277B655500C04BAB /* WeatherView.xib */ = {isa = PBXFileReference; lastKnownFileType = file.xib; path = WeatherView.xib; sourceTree = "<group>"; };
		B6C3FD75277B680000C04BAB /* WeatherView.swift */ = {isa = PBXFileReference; lastKnownFileType = sourcecode.swift; path = WeatherView.swift; sourceTree = "<group>"; };
		B6C3FD77277B6F6300C04BAB /* WeatherData.swift */ = {isa = PBXFileReference; lastKnownFileType = sourcecode.swift; path = WeatherData.swift; sourceTree = "<group>"; };
		B6C3FD83277B7F3400C04BAB /* WeatherApi.swift */ = {isa = PBXFileReference; lastKnownFileType = sourcecode.swift; path = WeatherApi.swift; sourceTree = "<group>"; };
		B6C3FD85277B814500C04BAB /* WeatherRequest.swift */ = {isa = PBXFileReference; lastKnownFileType = sourcecode.swift; path = WeatherRequest.swift; sourceTree = "<group>"; };
		B6C3FD8B277C687000C04BAB /* SkyBackground.mp4 */ = {isa = PBXFileReference; lastKnownFileType = file; path = SkyBackground.mp4; sourceTree = "<group>"; };
		B6C3FD8E277C692500C04BAB /* Double+.swift */ = {isa = PBXFileReference; lastKnownFileType = sourcecode.swift; path = "Double+.swift"; sourceTree = "<group>"; };
		B6C3FDC8277CB2B200C04BAB /* ExchangeRate.swift */ = {isa = PBXFileReference; lastKnownFileType = sourcecode.swift; path = ExchangeRate.swift; sourceTree = "<group>"; };
		B6C3FDCA277CB36800C04BAB /* ConvertAPI.swift */ = {isa = PBXFileReference; lastKnownFileType = sourcecode.swift; path = ConvertAPI.swift; sourceTree = "<group>"; };
		B6C3FDCC277CB5FE00C04BAB /* ConvertRequest.swift */ = {isa = PBXFileReference; lastKnownFileType = sourcecode.swift; path = ConvertRequest.swift; sourceTree = "<group>"; };
		B6C8F377277DA0B500481427 /* UsdRate.swift */ = {isa = PBXFileReference; lastKnownFileType = sourcecode.swift; path = UsdRate.swift; sourceTree = "<group>"; };
/* End PBXFileReference section */

/* Begin PBXFrameworksBuildPhase section */
		B684A450277E44F300B5AF54 /* Frameworks */ = {
			isa = PBXFrameworksBuildPhase;
			buildActionMask = 2147483647;
			files = (
			);
			runOnlyForDeploymentPostprocessing = 0;
		};
		B684A45D277E44FF00B5AF54 /* Frameworks */ = {
			isa = PBXFrameworksBuildPhase;
			buildActionMask = 2147483647;
			files = (
			);
			runOnlyForDeploymentPostprocessing = 0;
		};
		B6C3FCD32775DFB200C04BAB /* Frameworks */ = {
			isa = PBXFrameworksBuildPhase;
			buildActionMask = 2147483647;
			files = (
			);
			runOnlyForDeploymentPostprocessing = 0;
		};
/* End PBXFrameworksBuildPhase section */

/* Begin PBXGroup section */
		B684A454277E44F300B5AF54 /* BaluchonTests */ = {
			isa = PBXGroup;
			children = (
				B684A455277E44F300B5AF54 /* BaluchonTests.swift */,
			);
			path = BaluchonTests;
			sourceTree = "<group>";
		};
		B684A461277E44FF00B5AF54 /* BaluchonUITests */ = {
			isa = PBXGroup;
			children = (
				B684A462277E44FF00B5AF54 /* BaluchonUITests.swift */,
				B684A464277E44FF00B5AF54 /* BaluchonUITestsLaunchTests.swift */,
			);
			path = BaluchonUITests;
			sourceTree = "<group>";
		};
		B6C3FCCD2775DFB200C04BAB = {
			isa = PBXGroup;
			children = (
				B6C3FCD82775DFB200C04BAB /* Baluchon */,
				B684A454277E44F300B5AF54 /* BaluchonTests */,
				B684A461277E44FF00B5AF54 /* BaluchonUITests */,
				B6C3FCD72775DFB200C04BAB /* Products */,
			);
			sourceTree = "<group>";
		};
		B6C3FCD72775DFB200C04BAB /* Products */ = {
			isa = PBXGroup;
			children = (
				B6C3FCD62775DFB200C04BAB /* Baluchon.app */,
				B684A453277E44F300B5AF54 /* BaluchonTests.xctest */,
				B684A460277E44FF00B5AF54 /* BaluchonUITests.xctest */,
			);
			name = Products;
			sourceTree = "<group>";
		};
		B6C3FCD82775DFB200C04BAB /* Baluchon */ = {
			isa = PBXGroup;
			children = (
				B6C3FCD92775DFB200C04BAB /* AppDelegate.swift */,
				B6C3FD5F2775EFB500C04BAB /* Common */,
				B6C3FD0B2775E01800C04BAB /* Model */,
				B6C3FD682775F30700C04BAB /* Views */,
				B6C3FD0D2775E03200C04BAB /* Features */,
				B6C3FD092775DFED00C04BAB /* Resources */,
			);
			path = Baluchon;
			sourceTree = "<group>";
		};
		B6C3FD092775DFED00C04BAB /* Resources */ = {
			isa = PBXGroup;
			children = (
				B6C3FCE72775DFBC00C04BAB /* Info.plist */,
				B6C3FCE42775DFBC00C04BAB /* LaunchScreen.storyboard */,
				B6C3FCE22775DFBC00C04BAB /* Assets.xcassets */,
				B6C3FD87277C55BE00C04BAB /* Media */,
			);
			path = Resources;
			sourceTree = "<group>";
		};
		B6C3FD0A2775E00500C04BAB /* Network */ = {
			isa = PBXGroup;
			children = (
				B6C3FDCC277CB5FE00C04BAB /* ConvertRequest.swift */,
				B684A44D277E145000B5AF54 /* TranslateRequest.swift */,
				B6C3FD85277B814500C04BAB /* WeatherRequest.swift */,
			);
			path = Network;
			sourceTree = "<group>";
		};
		B6C3FD0B2775E01800C04BAB /* Model */ = {
			isa = PBXGroup;
			children = (
				B6C3FD71277A1DC500C04BAB /* Convert */,
				B6C3FD70277A1DA800C04BAB /* Translate */,
				B6C3FD6B2775F46800C04BAB /* Weather */,
			);
			path = Model;
			sourceTree = "<group>";
		};
		B6C3FD0C2775E02600C04BAB /* Views */ = {
			isa = PBXGroup;
			children = (
			);
			path = Views;
			sourceTree = "<group>";
		};
		B6C3FD0D2775E03200C04BAB /* Features */ = {
			isa = PBXGroup;
			children = (
				B6C3FCDF2775DFB200C04BAB /* TabBarController.storyboard */,
				B6C3FD5D2775EF0C00C04BAB /* TabBarController.swift */,
				B6C3FD0F2775E07D00C04BAB /* Convert */,
				B6C3FD112775E09500C04BAB /* Translate */,
				B6C3FD102775E08900C04BAB /* Weather */,
			);
			path = Features;
			sourceTree = "<group>";
		};
		B6C3FD0E2775E04500C04BAB /* Utils */ = {
			isa = PBXGroup;
			children = (
				B6C3FD8D277C690900C04BAB /* Extension */,
				B6C3FD80277B7EB300C04BAB /* Enum */,
			);
			path = Utils;
			sourceTree = "<group>";
		};
		B6C3FD0F2775E07D00C04BAB /* Convert */ = {
			isa = PBXGroup;
			children = (
				B6C3FD642775F06E00C04BAB /* ConvertController.storyboard */,
				B6C3FD162775E15900C04BAB /* ConvertController.swift */,
			);
			path = Convert;
			sourceTree = "<group>";
		};
		B6C3FD102775E08900C04BAB /* Weather */ = {
			isa = PBXGroup;
			children = (
				B6C3FD622775F05C00C04BAB /* WeatherController.storyboard */,
				B6C3FD142775E14800C04BAB /* WeatherController.swift */,
				B6C3FD72277B64FB00C04BAB /* Views */,
			);
			path = Weather;
			sourceTree = "<group>";
		};
		B6C3FD112775E09500C04BAB /* Translate */ = {
			isa = PBXGroup;
			children = (
				B6C3FD602775F04F00C04BAB /* TranslateController.storyboard */,
				B6C3FD122775E13300C04BAB /* TranslateController.swift */,
			);
			path = Translate;
			sourceTree = "<group>";
		};
		B6C3FD5F2775EFB500C04BAB /* Common */ = {
			isa = PBXGroup;
			children = (
				B6C3FD0A2775E00500C04BAB /* Network */,
				B6C3FD0E2775E04500C04BAB /* Utils */,
				B6C3FD0C2775E02600C04BAB /* Views */,
			);
			path = Common;
			sourceTree = "<group>";
		};
		B6C3FD682775F30700C04BAB /* Views */ = {
			isa = PBXGroup;
			children = (
			);
			path = Views;
			sourceTree = "<group>";
		};
		B6C3FD6B2775F46800C04BAB /* Weather */ = {
			isa = PBXGroup;
			children = (
				B6C3FD77277B6F6300C04BAB /* WeatherData.swift */,
			);
			path = Weather;
			sourceTree = "<group>";
		};
		B6C3FD70277A1DA800C04BAB /* Translate */ = {
			isa = PBXGroup;
			children = (
				B684A445277E0D7E00B5AF54 /* TranslationResponse.swift */,
			);
			path = Translate;
			sourceTree = "<group>";
		};
		B6C3FD71277A1DC500C04BAB /* Convert */ = {
			isa = PBXGroup;
			children = (
				B6C3FDC8277CB2B200C04BAB /* ExchangeRate.swift */,
				B6C8F377277DA0B500481427 /* UsdRate.swift */,
			);
			path = Convert;
			sourceTree = "<group>";
		};
		B6C3FD72277B64FB00C04BAB /* Views */ = {
			isa = PBXGroup;
			children = (
				B6C3FD73277B655500C04BAB /* WeatherView.xib */,
				B6C3FD75277B680000C04BAB /* WeatherView.swift */,
			);
			path = Views;
			sourceTree = "<group>";
		};
		B6C3FD80277B7EB300C04BAB /* Enum */ = {
			isa = PBXGroup;
			children = (
				B6C3FD81277B7EE400C04BAB /* Url */,
			);
			path = Enum;
			sourceTree = "<group>";
		};
		B6C3FD81277B7EE400C04BAB /* Url */ = {
			isa = PBXGroup;
			children = (
				B6C3FDCA277CB36800C04BAB /* ConvertAPI.swift */,
				B684A44B277E0FD600B5AF54 /* TranslateAPI.swift */,
				B6C3FD83277B7F3400C04BAB /* WeatherApi.swift */,
			);
			path = Url;
			sourceTree = "<group>";
		};
		B6C3FD87277C55BE00C04BAB /* Media */ = {
			isa = PBXGroup;
			children = (
				B6C3FD8B277C687000C04BAB /* SkyBackground.mp4 */,
			);
			path = Media;
			sourceTree = "<group>";
		};
		B6C3FD8D277C690900C04BAB /* Extension */ = {
			isa = PBXGroup;
			children = (
				B6C3FD8E277C692500C04BAB /* Double+.swift */,
			);
			path = Extension;
			sourceTree = "<group>";
		};
/* End PBXGroup section */

/* Begin PBXNativeTarget section */
		B684A452277E44F300B5AF54 /* BaluchonTests */ = {
			isa = PBXNativeTarget;
			buildConfigurationList = B684A45B277E44F300B5AF54 /* Build configuration list for PBXNativeTarget "BaluchonTests" */;
			buildPhases = (
				B684A44F277E44F300B5AF54 /* Sources */,
				B684A450277E44F300B5AF54 /* Frameworks */,
				B684A451277E44F300B5AF54 /* Resources */,
			);
			buildRules = (
			);
			dependencies = (
				B684A458277E44F300B5AF54 /* PBXTargetDependency */,
			);
			name = BaluchonTests;
			productName = BaluchonTests;
			productReference = B684A453277E44F300B5AF54 /* BaluchonTests.xctest */;
			productType = "com.apple.product-type.bundle.unit-test";
		};
		B684A45F277E44FF00B5AF54 /* BaluchonUITests */ = {
			isa = PBXNativeTarget;
			buildConfigurationList = B684A468277E44FF00B5AF54 /* Build configuration list for PBXNativeTarget "BaluchonUITests" */;
			buildPhases = (
				B684A45C277E44FF00B5AF54 /* Sources */,
				B684A45D277E44FF00B5AF54 /* Frameworks */,
				B684A45E277E44FF00B5AF54 /* Resources */,
			);
			buildRules = (
			);
			dependencies = (
				B684A467277E44FF00B5AF54 /* PBXTargetDependency */,
			);
			name = BaluchonUITests;
			productName = BaluchonUITests;
			productReference = B684A460277E44FF00B5AF54 /* BaluchonUITests.xctest */;
			productType = "com.apple.product-type.bundle.ui-testing";
		};
		B6C3FCD52775DFB200C04BAB /* Baluchon */ = {
			isa = PBXNativeTarget;
			buildConfigurationList = B6C3FD002775DFBC00C04BAB /* Build configuration list for PBXNativeTarget "Baluchon" */;
			buildPhases = (
				B6C3FCD22775DFB200C04BAB /* Sources */,
				B6C3FCD32775DFB200C04BAB /* Frameworks */,
				B6C3FCD42775DFB200C04BAB /* Resources */,
			);
			buildRules = (
			);
			dependencies = (
			);
			name = Baluchon;
			productName = Baluchon;
			productReference = B6C3FCD62775DFB200C04BAB /* Baluchon.app */;
			productType = "com.apple.product-type.application";
		};
/* End PBXNativeTarget section */

/* Begin PBXProject section */
		B6C3FCCE2775DFB200C04BAB /* Project object */ = {
			isa = PBXProject;
			attributes = {
				BuildIndependentTargetsInParallel = 1;
				LastSwiftUpdateCheck = 1320;
				LastUpgradeCheck = 1320;
				TargetAttributes = {
					B684A452277E44F300B5AF54 = {
						CreatedOnToolsVersion = 13.2;
						TestTargetID = B6C3FCD52775DFB200C04BAB;
					};
					B684A45F277E44FF00B5AF54 = {
						CreatedOnToolsVersion = 13.2;
						TestTargetID = B6C3FCD52775DFB200C04BAB;
					};
					B6C3FCD52775DFB200C04BAB = {
						CreatedOnToolsVersion = 13.2;
					};
				};
			};
			buildConfigurationList = B6C3FCD12775DFB200C04BAB /* Build configuration list for PBXProject "Baluchon" */;
			compatibilityVersion = "Xcode 11.0";
			developmentRegion = en;
			hasScannedForEncodings = 0;
			knownRegions = (
				en,
				Base,
			);
			mainGroup = B6C3FCCD2775DFB200C04BAB;
			productRefGroup = B6C3FCD72775DFB200C04BAB /* Products */;
			projectDirPath = "";
			projectRoot = "";
			targets = (
				B6C3FCD52775DFB200C04BAB /* Baluchon */,
				B684A452277E44F300B5AF54 /* BaluchonTests */,
				B684A45F277E44FF00B5AF54 /* BaluchonUITests */,
			);
		};
/* End PBXProject section */

/* Begin PBXResourcesBuildPhase section */
		B684A451277E44F300B5AF54 /* Resources */ = {
			isa = PBXResourcesBuildPhase;
			buildActionMask = 2147483647;
			files = (
			);
			runOnlyForDeploymentPostprocessing = 0;
		};
		B684A45E277E44FF00B5AF54 /* Resources */ = {
			isa = PBXResourcesBuildPhase;
			buildActionMask = 2147483647;
			files = (
			);
			runOnlyForDeploymentPostprocessing = 0;
		};
		B6C3FCD42775DFB200C04BAB /* Resources */ = {
			isa = PBXResourcesBuildPhase;
			buildActionMask = 2147483647;
			files = (
				B6C3FCE62775DFBC00C04BAB /* LaunchScreen.storyboard in Resources */,
				B6C3FD74277B655500C04BAB /* WeatherView.xib in Resources */,
				B6C3FCE32775DFBC00C04BAB /* Assets.xcassets in Resources */,
				B6C3FCE12775DFB200C04BAB /* TabBarController.storyboard in Resources */,
				B6C3FD632775F05C00C04BAB /* WeatherController.storyboard in Resources */,
				B6C3FD652775F06E00C04BAB /* ConvertController.storyboard in Resources */,
				B6C3FD612775F04F00C04BAB /* TranslateController.storyboard in Resources */,
				B6C3FD8C277C687000C04BAB /* SkyBackground.mp4 in Resources */,
			);
			runOnlyForDeploymentPostprocessing = 0;
		};
/* End PBXResourcesBuildPhase section */

/* Begin PBXSourcesBuildPhase section */
		B684A44F277E44F300B5AF54 /* Sources */ = {
			isa = PBXSourcesBuildPhase;
			buildActionMask = 2147483647;
			files = (
				B684A456277E44F300B5AF54 /* BaluchonTests.swift in Sources */,
			);
			runOnlyForDeploymentPostprocessing = 0;
		};
		B684A45C277E44FF00B5AF54 /* Sources */ = {
			isa = PBXSourcesBuildPhase;
			buildActionMask = 2147483647;
			files = (
				B684A465277E44FF00B5AF54 /* BaluchonUITestsLaunchTests.swift in Sources */,
				B684A463277E44FF00B5AF54 /* BaluchonUITests.swift in Sources */,
			);
			runOnlyForDeploymentPostprocessing = 0;
		};
		B6C3FCD22775DFB200C04BAB /* Sources */ = {
			isa = PBXSourcesBuildPhase;
			buildActionMask = 2147483647;
			files = (
				B6C3FD86277B814500C04BAB /* WeatherRequest.swift in Sources */,
				B684A446277E0D7E00B5AF54 /* TranslationResponse.swift in Sources */,
				B6C3FD8F277C692500C04BAB /* Double+.swift in Sources */,
				B6C3FCDA2775DFB200C04BAB /* AppDelegate.swift in Sources */,
				B6C3FD84277B7F3400C04BAB /* WeatherApi.swift in Sources */,
				B6C3FDC9277CB2B200C04BAB /* ExchangeRate.swift in Sources */,
				B684A44C277E0FD600B5AF54 /* TranslateAPI.swift in Sources */,
				B6C8F378277DA0B500481427 /* UsdRate.swift in Sources */,
				B6C3FD132775E13300C04BAB /* TranslateController.swift in Sources */,
				B6C3FD78277B6F6300C04BAB /* WeatherData.swift in Sources */,
				B6C3FD5E2775EF0C00C04BAB /* TabBarController.swift in Sources */,
				B684A44E277E145000B5AF54 /* TranslateRequest.swift in Sources */,
				B6C3FDCD277CB5FE00C04BAB /* ConvertRequest.swift in Sources */,
				B6C3FD76277B680000C04BAB /* WeatherView.swift in Sources */,
				B6C3FDCB277CB36800C04BAB /* ConvertAPI.swift in Sources */,
				B6C3FD152775E14800C04BAB /* WeatherController.swift in Sources */,
				B6C3FD172775E15900C04BAB /* ConvertController.swift in Sources */,
			);
			runOnlyForDeploymentPostprocessing = 0;
		};
/* End PBXSourcesBuildPhase section */

/* Begin PBXTargetDependency section */
		B684A458277E44F300B5AF54 /* PBXTargetDependency */ = {
			isa = PBXTargetDependency;
			target = B6C3FCD52775DFB200C04BAB /* Baluchon */;
			targetProxy = B684A457277E44F300B5AF54 /* PBXContainerItemProxy */;
		};
		B684A467277E44FF00B5AF54 /* PBXTargetDependency */ = {
			isa = PBXTargetDependency;
			target = B6C3FCD52775DFB200C04BAB /* Baluchon */;
			targetProxy = B684A466277E44FF00B5AF54 /* PBXContainerItemProxy */;
		};
/* End PBXTargetDependency section */

/* Begin PBXVariantGroup section */
		B6C3FCDF2775DFB200C04BAB /* TabBarController.storyboard */ = {
			isa = PBXVariantGroup;
			children = (
				B6C3FCE02775DFB200C04BAB /* Base */,
			);
			name = TabBarController.storyboard;
			sourceTree = "<group>";
		};
		B6C3FCE42775DFBC00C04BAB /* LaunchScreen.storyboard */ = {
			isa = PBXVariantGroup;
			children = (
				B6C3FCE52775DFBC00C04BAB /* Base */,
			);
			name = LaunchScreen.storyboard;
			sourceTree = "<group>";
		};
/* End PBXVariantGroup section */

/* Begin XCBuildConfiguration section */
		B684A459277E44F300B5AF54 /* Debug */ = {
			isa = XCBuildConfiguration;
			buildSettings = {
				BUNDLE_LOADER = "$(TEST_HOST)";
				CLANG_WARN_UNGUARDED_AVAILABILITY = YES_AGGRESSIVE;
				CODE_SIGN_STYLE = Automatic;
				CURRENT_PROJECT_VERSION = 1;
				DEVELOPMENT_TEAM = 8ZU2A8P99A;
				GENERATE_INFOPLIST_FILE = YES;
				IPHONEOS_DEPLOYMENT_TARGET = 15.2;
				MARKETING_VERSION = 1.0;
				PRODUCT_BUNDLE_IDENTIFIER = com.frederic.millot.BaluchonTests;
				PRODUCT_NAME = "$(TARGET_NAME)";
				SWIFT_EMIT_LOC_STRINGS = NO;
				SWIFT_VERSION = 5.0;
				TARGETED_DEVICE_FAMILY = "1,2";
				TEST_HOST = "$(BUILT_PRODUCTS_DIR)/Baluchon.app/Baluchon";
			};
			name = Debug;
		};
		B684A45A277E44F300B5AF54 /* Release */ = {
			isa = XCBuildConfiguration;
			buildSettings = {
				BUNDLE_LOADER = "$(TEST_HOST)";
				CLANG_WARN_UNGUARDED_AVAILABILITY = YES_AGGRESSIVE;
				CODE_SIGN_STYLE = Automatic;
				CURRENT_PROJECT_VERSION = 1;
				DEVELOPMENT_TEAM = 8ZU2A8P99A;
				GENERATE_INFOPLIST_FILE = YES;
				IPHONEOS_DEPLOYMENT_TARGET = 15.2;
				MARKETING_VERSION = 1.0;
				PRODUCT_BUNDLE_IDENTIFIER = com.frederic.millot.BaluchonTests;
				PRODUCT_NAME = "$(TARGET_NAME)";
				SWIFT_EMIT_LOC_STRINGS = NO;
				SWIFT_VERSION = 5.0;
				TARGETED_DEVICE_FAMILY = "1,2";
				TEST_HOST = "$(BUILT_PRODUCTS_DIR)/Baluchon.app/Baluchon";
			};
			name = Release;
		};
		B684A469277E44FF00B5AF54 /* Debug */ = {
			isa = XCBuildConfiguration;
			buildSettings = {
				CLANG_WARN_UNGUARDED_AVAILABILITY = YES_AGGRESSIVE;
				CODE_SIGN_STYLE = Automatic;
				CURRENT_PROJECT_VERSION = 1;
				DEVELOPMENT_TEAM = 8ZU2A8P99A;
				GENERATE_INFOPLIST_FILE = YES;
				IPHONEOS_DEPLOYMENT_TARGET = 15.2;
				MARKETING_VERSION = 1.0;
				PRODUCT_BUNDLE_IDENTIFIER = com.frederic.millot.BaluchonUITests;
				PRODUCT_NAME = "$(TARGET_NAME)";
				SWIFT_EMIT_LOC_STRINGS = NO;
				SWIFT_VERSION = 5.0;
				TARGETED_DEVICE_FAMILY = "1,2";
				TEST_TARGET_NAME = Baluchon;
			};
			name = Debug;
		};
		B684A46A277E44FF00B5AF54 /* Release */ = {
			isa = XCBuildConfiguration;
			buildSettings = {
				CLANG_WARN_UNGUARDED_AVAILABILITY = YES_AGGRESSIVE;
				CODE_SIGN_STYLE = Automatic;
				CURRENT_PROJECT_VERSION = 1;
				DEVELOPMENT_TEAM = 8ZU2A8P99A;
				GENERATE_INFOPLIST_FILE = YES;
				IPHONEOS_DEPLOYMENT_TARGET = 15.2;
				MARKETING_VERSION = 1.0;
				PRODUCT_BUNDLE_IDENTIFIER = com.frederic.millot.BaluchonUITests;
				PRODUCT_NAME = "$(TARGET_NAME)";
				SWIFT_EMIT_LOC_STRINGS = NO;
				SWIFT_VERSION = 5.0;
				TARGETED_DEVICE_FAMILY = "1,2";
				TEST_TARGET_NAME = Baluchon;
			};
			name = Release;
		};
		B6C3FCFE2775DFBC00C04BAB /* Debug */ = {
			isa = XCBuildConfiguration;
			buildSettings = {
				ALWAYS_SEARCH_USER_PATHS = NO;
				CLANG_ANALYZER_NONNULL = YES;
				CLANG_ANALYZER_NUMBER_OBJECT_CONVERSION = YES_AGGRESSIVE;
				CLANG_CXX_LANGUAGE_STANDARD = "gnu++17";
				CLANG_CXX_LIBRARY = "libc++";
				CLANG_ENABLE_MODULES = YES;
				CLANG_ENABLE_OBJC_ARC = YES;
				CLANG_ENABLE_OBJC_WEAK = YES;
				CLANG_WARN_BLOCK_CAPTURE_AUTORELEASING = YES;
				CLANG_WARN_BOOL_CONVERSION = YES;
				CLANG_WARN_COMMA = YES;
				CLANG_WARN_CONSTANT_CONVERSION = YES;
				CLANG_WARN_DEPRECATED_OBJC_IMPLEMENTATIONS = YES;
				CLANG_WARN_DIRECT_OBJC_ISA_USAGE = YES_ERROR;
				CLANG_WARN_DOCUMENTATION_COMMENTS = YES;
				CLANG_WARN_EMPTY_BODY = YES;
				CLANG_WARN_ENUM_CONVERSION = YES;
				CLANG_WARN_INFINITE_RECURSION = YES;
				CLANG_WARN_INT_CONVERSION = YES;
				CLANG_WARN_NON_LITERAL_NULL_CONVERSION = YES;
				CLANG_WARN_OBJC_IMPLICIT_RETAIN_SELF = YES;
				CLANG_WARN_OBJC_LITERAL_CONVERSION = YES;
				CLANG_WARN_OBJC_ROOT_CLASS = YES_ERROR;
				CLANG_WARN_QUOTED_INCLUDE_IN_FRAMEWORK_HEADER = YES;
				CLANG_WARN_RANGE_LOOP_ANALYSIS = YES;
				CLANG_WARN_STRICT_PROTOTYPES = YES;
				CLANG_WARN_SUSPICIOUS_MOVE = YES;
				CLANG_WARN_UNGUARDED_AVAILABILITY = YES;
				CLANG_WARN_UNREACHABLE_CODE = YES;
				CLANG_WARN__DUPLICATE_METHOD_MATCH = YES;
				COPY_PHASE_STRIP = NO;
				DEBUG_INFORMATION_FORMAT = dwarf;
				ENABLE_STRICT_OBJC_MSGSEND = YES;
				ENABLE_TESTABILITY = YES;
				GCC_C_LANGUAGE_STANDARD = gnu11;
				GCC_DYNAMIC_NO_PIC = NO;
				GCC_NO_COMMON_BLOCKS = YES;
				GCC_OPTIMIZATION_LEVEL = 0;
				GCC_PREPROCESSOR_DEFINITIONS = (
					"DEBUG=1",
					"$(inherited)",
				);
				GCC_WARN_64_TO_32_BIT_CONVERSION = YES;
				GCC_WARN_ABOUT_RETURN_TYPE = YES_ERROR;
				GCC_WARN_UNDECLARED_SELECTOR = YES;
				GCC_WARN_UNINITIALIZED_AUTOS = YES_AGGRESSIVE;
				GCC_WARN_UNUSED_FUNCTION = YES;
				GCC_WARN_UNUSED_VARIABLE = YES;
				IPHONEOS_DEPLOYMENT_TARGET = 11.0;
				MTL_ENABLE_DEBUG_INFO = INCLUDE_SOURCE;
				MTL_FAST_MATH = YES;
				ONLY_ACTIVE_ARCH = YES;
				SDKROOT = iphoneos;
				SWIFT_ACTIVE_COMPILATION_CONDITIONS = DEBUG;
				SWIFT_OPTIMIZATION_LEVEL = "-Onone";
			};
			name = Debug;
		};
		B6C3FCFF2775DFBC00C04BAB /* Release */ = {
			isa = XCBuildConfiguration;
			buildSettings = {
				ALWAYS_SEARCH_USER_PATHS = NO;
				CLANG_ANALYZER_NONNULL = YES;
				CLANG_ANALYZER_NUMBER_OBJECT_CONVERSION = YES_AGGRESSIVE;
				CLANG_CXX_LANGUAGE_STANDARD = "gnu++17";
				CLANG_CXX_LIBRARY = "libc++";
				CLANG_ENABLE_MODULES = YES;
				CLANG_ENABLE_OBJC_ARC = YES;
				CLANG_ENABLE_OBJC_WEAK = YES;
				CLANG_WARN_BLOCK_CAPTURE_AUTORELEASING = YES;
				CLANG_WARN_BOOL_CONVERSION = YES;
				CLANG_WARN_COMMA = YES;
				CLANG_WARN_CONSTANT_CONVERSION = YES;
				CLANG_WARN_DEPRECATED_OBJC_IMPLEMENTATIONS = YES;
				CLANG_WARN_DIRECT_OBJC_ISA_USAGE = YES_ERROR;
				CLANG_WARN_DOCUMENTATION_COMMENTS = YES;
				CLANG_WARN_EMPTY_BODY = YES;
				CLANG_WARN_ENUM_CONVERSION = YES;
				CLANG_WARN_INFINITE_RECURSION = YES;
				CLANG_WARN_INT_CONVERSION = YES;
				CLANG_WARN_NON_LITERAL_NULL_CONVERSION = YES;
				CLANG_WARN_OBJC_IMPLICIT_RETAIN_SELF = YES;
				CLANG_WARN_OBJC_LITERAL_CONVERSION = YES;
				CLANG_WARN_OBJC_ROOT_CLASS = YES_ERROR;
				CLANG_WARN_QUOTED_INCLUDE_IN_FRAMEWORK_HEADER = YES;
				CLANG_WARN_RANGE_LOOP_ANALYSIS = YES;
				CLANG_WARN_STRICT_PROTOTYPES = YES;
				CLANG_WARN_SUSPICIOUS_MOVE = YES;
				CLANG_WARN_UNGUARDED_AVAILABILITY = YES;
				CLANG_WARN_UNREACHABLE_CODE = YES;
				CLANG_WARN__DUPLICATE_METHOD_MATCH = YES;
				COPY_PHASE_STRIP = NO;
				DEBUG_INFORMATION_FORMAT = "dwarf-with-dsym";
				ENABLE_NS_ASSERTIONS = NO;
				ENABLE_STRICT_OBJC_MSGSEND = YES;
				GCC_C_LANGUAGE_STANDARD = gnu11;
				GCC_NO_COMMON_BLOCKS = YES;
				GCC_WARN_64_TO_32_BIT_CONVERSION = YES;
				GCC_WARN_ABOUT_RETURN_TYPE = YES_ERROR;
				GCC_WARN_UNDECLARED_SELECTOR = YES;
				GCC_WARN_UNINITIALIZED_AUTOS = YES_AGGRESSIVE;
				GCC_WARN_UNUSED_FUNCTION = YES;
				GCC_WARN_UNUSED_VARIABLE = YES;
				IPHONEOS_DEPLOYMENT_TARGET = 11.0;
				MTL_ENABLE_DEBUG_INFO = NO;
				MTL_FAST_MATH = YES;
				SDKROOT = iphoneos;
				SWIFT_COMPILATION_MODE = wholemodule;
				SWIFT_OPTIMIZATION_LEVEL = "-O";
				VALIDATE_PRODUCT = YES;
			};
			name = Release;
		};
		B6C3FD012775DFBC00C04BAB /* Debug */ = {
			isa = XCBuildConfiguration;
			buildSettings = {
				ASSETCATALOG_COMPILER_APPICON_NAME = AppIcon;
				ASSETCATALOG_COMPILER_GLOBAL_ACCENT_COLOR_NAME = AccentColor;
				CODE_SIGN_STYLE = Automatic;
				CURRENT_PROJECT_VERSION = 1;
				DEVELOPMENT_TEAM = 8ZU2A8P99A;
				GENERATE_INFOPLIST_FILE = YES;
				INFOPLIST_FILE = Baluchon/Resources/Info.plist;
				INFOPLIST_KEY_UIApplicationSupportsIndirectInputEvents = YES;
				INFOPLIST_KEY_UILaunchStoryboardName = LaunchScreen;
				INFOPLIST_KEY_UIMainStoryboardFile = TabBarController;
				INFOPLIST_KEY_UISupportedInterfaceOrientations_iPad = "UIInterfaceOrientationPortrait UIInterfaceOrientationPortraitUpsideDown UIInterfaceOrientationLandscapeLeft UIInterfaceOrientationLandscapeRight";
				INFOPLIST_KEY_UISupportedInterfaceOrientations_iPhone = "UIInterfaceOrientationPortrait UIInterfaceOrientationLandscapeLeft UIInterfaceOrientationLandscapeRight";
				IPHONEOS_DEPLOYMENT_TARGET = 11.0;
				LD_RUNPATH_SEARCH_PATHS = (
					"$(inherited)",
					"@executable_path/Frameworks",
				);
				MARKETING_VERSION = 1.0;
				PRODUCT_BUNDLE_IDENTIFIER = com.frederic.millot.Baluchon;
				PRODUCT_NAME = "$(TARGET_NAME)";
				SWIFT_EMIT_LOC_STRINGS = YES;
				SWIFT_VERSION = 5.0;
				TARGETED_DEVICE_FAMILY = 1;
				TVOS_DEPLOYMENT_TARGET = 12.0;
			};
			name = Debug;
		};
		B6C3FD022775DFBC00C04BAB /* Release */ = {
			isa = XCBuildConfiguration;
			buildSettings = {
				ASSETCATALOG_COMPILER_APPICON_NAME = AppIcon;
				ASSETCATALOG_COMPILER_GLOBAL_ACCENT_COLOR_NAME = AccentColor;
				CODE_SIGN_STYLE = Automatic;
				CURRENT_PROJECT_VERSION = 1;
				DEVELOPMENT_TEAM = 8ZU2A8P99A;
				GENERATE_INFOPLIST_FILE = YES;
				INFOPLIST_FILE = Baluchon/Resources/Info.plist;
				INFOPLIST_KEY_UIApplicationSupportsIndirectInputEvents = YES;
				INFOPLIST_KEY_UILaunchStoryboardName = LaunchScreen;
				INFOPLIST_KEY_UIMainStoryboardFile = TabBarController;
				INFOPLIST_KEY_UISupportedInterfaceOrientations_iPad = "UIInterfaceOrientationPortrait UIInterfaceOrientationPortraitUpsideDown UIInterfaceOrientationLandscapeLeft UIInterfaceOrientationLandscapeRight";
				INFOPLIST_KEY_UISupportedInterfaceOrientations_iPhone = "UIInterfaceOrientationPortrait UIInterfaceOrientationLandscapeLeft UIInterfaceOrientationLandscapeRight";
				IPHONEOS_DEPLOYMENT_TARGET = 11.0;
				LD_RUNPATH_SEARCH_PATHS = (
					"$(inherited)",
					"@executable_path/Frameworks",
				);
				MARKETING_VERSION = 1.0;
				PRODUCT_BUNDLE_IDENTIFIER = com.frederic.millot.Baluchon;
				PRODUCT_NAME = "$(TARGET_NAME)";
				SWIFT_EMIT_LOC_STRINGS = YES;
				SWIFT_VERSION = 5.0;
				TARGETED_DEVICE_FAMILY = 1;
				TVOS_DEPLOYMENT_TARGET = 12.0;
			};
			name = Release;
		};
/* End XCBuildConfiguration section */

/* Begin XCConfigurationList section */
		B684A45B277E44F300B5AF54 /* Build configuration list for PBXNativeTarget "BaluchonTests" */ = {
			isa = XCConfigurationList;
			buildConfigurations = (
				B684A459277E44F300B5AF54 /* Debug */,
				B684A45A277E44F300B5AF54 /* Release */,
			);
			defaultConfigurationIsVisible = 0;
			defaultConfigurationName = Release;
		};
		B684A468277E44FF00B5AF54 /* Build configuration list for PBXNativeTarget "BaluchonUITests" */ = {
			isa = XCConfigurationList;
			buildConfigurations = (
				B684A469277E44FF00B5AF54 /* Debug */,
				B684A46A277E44FF00B5AF54 /* Release */,
			);
			defaultConfigurationIsVisible = 0;
			defaultConfigurationName = Release;
		};
		B6C3FCD12775DFB200C04BAB /* Build configuration list for PBXProject "Baluchon" */ = {
			isa = XCConfigurationList;
			buildConfigurations = (
				B6C3FCFE2775DFBC00C04BAB /* Debug */,
				B6C3FCFF2775DFBC00C04BAB /* Release */,
			);
			defaultConfigurationIsVisible = 0;
			defaultConfigurationName = Release;
		};
		B6C3FD002775DFBC00C04BAB /* Build configuration list for PBXNativeTarget "Baluchon" */ = {
			isa = XCConfigurationList;
			buildConfigurations = (
				B6C3FD012775DFBC00C04BAB /* Debug */,
				B6C3FD022775DFBC00C04BAB /* Release */,
			);
			defaultConfigurationIsVisible = 0;
			defaultConfigurationName = Release;
		};
/* End XCConfigurationList section */
	};
	rootObject = B6C3FCCE2775DFB200C04BAB /* Project object */;
}
